
Microsoft Visual Studio Solution File, Format Version 12.00
# Visual Studio Version 17
VisualStudioVersion = 17.10.35122.118
MinimumVisualStudioVersion = 10.0.40219.1
Project("{FAE04EC0-301F-11D3-BF4B-00C04F79EFBC}") = "Projetoteste", "Projetoteste.csproj", "{CA0D54C0-9B3A-4079-888D-2F1EBA67B7E4}"
EndProject
Global
	GlobalSection(SolutionConfigurationPlatforms) = preSolution
		Debug|Any CPU = Debug|Any CPU
		Release|Any CPU = Release|Any CPU
	EndGlobalSection
	GlobalSection(ProjectConfigurationPlatforms) = postSolution
		{CA0D54C0-9B3A-4079-888D-2F1EBA67B7E4}.Debug|Any CPU.ActiveCfg = Debug|Any CPU
		{CA0D54C0-9B3A-4079-888D-2F1EBA67B7E4}.Debug|Any CPU.Build.0 = Debug|Any CPU
		{CA0D54C0-9B3A-4079-888D-2F1EBA67B7E4}.Release|Any CPU.ActiveCfg = Release|Any CPU
		{CA0D54C0-9B3A-4079-888D-2F1EBA67B7E4}.Release|Any CPU.Build.0 = Release|Any CPU
	EndGlobalSection
	GlobalSection(SolutionProperties) = preSolution
		HideSolutionNode = FALSE
	EndGlobalSection
	GlobalSection(ExtensibilityGlobals) = postSolution
		SolutionGuid = {708B756A-29F0-4508-BF5D-70E28AAA460D}
	EndGlobalSection
EndGlobal
